{"format_version":"1.0","provider_schemas":{"registry.terraform.io/scastria/apigee":{"provider":{"version":0,"block":{"attributes":{"access_token":{"type":"string","description_kind":"plain","optional":true,"sensitive":true},"oauth_port":{"type":"number","description_kind":"plain","optional":true},"oauth_server":{"type":"string","description_kind":"plain","optional":true},"oauth_server_path":{"type":"string","description_kind":"plain","optional":true},"organization":{"type":"string","description_kind":"plain","required":true},"password":{"type":"string","description_kind":"plain","optional":true,"sensitive":true},"port":{"type":"number","description_kind":"plain","optional":true},"server":{"type":"string","description_kind":"plain","optional":true},"server_path":{"type":"string","description_kind":"plain","optional":true},"use_ssl":{"type":"bool","description_kind":"plain","optional":true},"username":{"type":"string","description_kind":"plain","optional":true}},"description_kind":"plain"}},"resource_schemas":{"apigee_alias":{"version":0,"block":{"attributes":{"cert_file":{"type":"string","description_kind":"plain","optional":true},"cert_file_hash":{"type":"string","description_kind":"plain","optional":true},"environment_name":{"type":"string","description_kind":"plain","required":true},"file":{"type":"string","description_kind":"plain","optional":true},"file_hash":{"type":"string","description_kind":"plain","optional":true},"format":{"type":"string","description_kind":"plain","required":true},"id":{"type":"string","description_kind":"plain","optional":true,"computed":true},"ignore_expiry_validation":{"type":"bool","description_kind":"plain","optional":true},"ignore_newline_validation":{"type":"bool","description_kind":"plain","optional":true},"key_file":{"type":"string","description_kind":"plain","optional":true},"key_file_hash":{"type":"string","description_kind":"plain","optional":true},"keystore_name":{"type":"string","description_kind":"plain","required":true},"name":{"type":"string","description_kind":"plain","required":true},"password":{"type":"string","description_kind":"plain","optional":true,"sensitive":true}},"description_kind":"plain"}},"apigee_cache":{"version":0,"block":{"attributes":{"description":{"type":"string","description_kind":"plain","optional":true},"environment_name":{"type":"string","description_kind":"plain","required":true},"expiry_date":{"type":"string","description_kind":"plain","optional":true},"expiry_time_of_day":{"type":"string","description_kind":"plain","optional":true},"expiry_timeout_in_sec":{"type":"number","description_kind":"plain","optional":true},"id":{"type":"string","description_kind":"plain","optional":true,"computed":true},"name":{"type":"string","description_kind":"plain","required":true},"skip_cache_if_element_size_in_kb_exceeds":{"type":"number","description_kind":"plain","optional":true}},"description_kind":"plain"}},"apigee_company":{"version":0,"block":{"attributes":{"attributes":{"type":["map","string"],"description_kind":"plain","optional":true},"display_name":{"type":"string","description_kind":"plain","optional":true},"id":{"type":"string","description_kind":"plain","optional":true,"computed":true},"name":{"type":"string","description_kind":"plain","required":true}},"description_kind":"plain"}},"apigee_company_app":{"version":0,"block":{"attributes":{"attributes":{"type":["map","string"],"description_kind":"plain","optional":true},"callback_url":{"type":"string","description_kind":"plain","optional":true},"company_name":{"type":"string","description_kind":"plain","required":true},"id":{"type":"string","description_kind":"plain","optional":true,"computed":true},"name":{"type":"string","description_kind":"plain","required":true}},"description_kind":"plain"}},"apigee_company_app_credential":{"version":0,"block":{"attributes":{"api_products":{"type":["set","string"],"description_kind":"plain","optional":true},"attributes":{"type":["map","string"],"description_kind":"plain","optional":true},"company_app_name":{"type":"string","description_kind":"plain","required":true},"company_name":{"type":"string","description_kind":"plain","required":true},"consumer_key":{"type":"string","description_kind":"plain","required":true},"consumer_secret":{"type":"string","description_kind":"plain","required":true,"sensitive":true},"id":{"type":"string","description_kind":"plain","optional":true,"computed":true},"scopes":{"type":["set","string"],"description_kind":"plain","optional":true}},"description_kind":"plain"}},"apigee_company_developer":{"version":0,"block":{"attributes":{"company_name":{"type":"string","description_kind":"plain","required":true},"developer_email":{"type":"string","description_kind":"plain","required":true},"id":{"type":"string","description_kind":"plain","optional":true,"computed":true},"role_name":{"type":"string","description_kind":"plain","optional":true}},"description_kind":"plain"}},"apigee_developer":{"version":0,"block":{"attributes":{"attributes":{"type":["map","string"],"description_kind":"plain","optional":true},"email":{"type":"string","description_kind":"plain","required":true},"first_name":{"type":"string","description_kind":"plain","required":true},"id":{"type":"string","description_kind":"plain","optional":true,"computed":true},"last_name":{"type":"string","description_kind":"plain","required":true},"user_name":{"type":"string","description_kind":"plain","required":true}},"description_kind":"plain"}},"apigee_developer_app":{"version":0,"block":{"attributes":{"attributes":{"type":["map","string"],"description_kind":"plain","optional":true},"callback_url":{"type":"string","description_kind":"plain","optional":true},"developer_email":{"type":"string","description_kind":"plain","required":true},"id":{"type":"string","description_kind":"plain","optional":true,"computed":true},"name":{"type":"string","description_kind":"plain","required":true}},"description_kind":"plain"}},"apigee_developer_app_credential":{"version":0,"block":{"attributes":{"api_products":{"type":["set","string"],"description_kind":"plain","optional":true},"attributes":{"type":["map","string"],"description_kind":"plain","optional":true},"consumer_key":{"type":"string","description_kind":"plain","required":true},"consumer_secret":{"type":"string","description_kind":"plain","required":true,"sensitive":true},"developer_app_name":{"type":"string","description_kind":"plain","required":true},"developer_email":{"type":"string","description_kind":"plain","required":true},"id":{"type":"string","description_kind":"plain","optional":true,"computed":true},"scopes":{"type":["set","string"],"description_kind":"plain","optional":true}},"description_kind":"plain"}},"apigee_environment_kvm":{"version":0,"block":{"attributes":{"encrypted":{"type":"bool","description_kind":"plain","optional":true},"entry":{"type":["map","string"],"description_kind":"plain","optional":true},"environment_name":{"type":"string","description_kind":"plain","required":true},"id":{"type":"string","description_kind":"plain","optional":true,"computed":true},"name":{"type":"string","description_kind":"plain","required":true},"sensitive_entry":{"type":["map","string"],"description_kind":"plain","optional":true,"sensitive":true}},"description_kind":"plain"}},"apigee_environment_resource_file":{"version":0,"block":{"attributes":{"environment_name":{"type":"string","description_kind":"plain","required":true},"file":{"type":"string","description_kind":"plain","required":true},"file_hash":{"type":"string","description_kind":"plain","required":true},"id":{"type":"string","description_kind":"plain","optional":true,"computed":true},"name":{"type":"string","description_kind":"plain","required":true},"type":{"type":"string","description_kind":"plain","required":true}},"description_kind":"plain"}},"apigee_keystore":{"version":0,"block":{"attributes":{"environment_name":{"type":"string","description_kind":"plain","required":true},"id":{"type":"string","description_kind":"plain","optional":true,"computed":true},"name":{"type":"string","description_kind":"plain","required":true}},"description_kind":"plain"}},"apigee_organization_kvm":{"version":0,"block":{"attributes":{"encrypted":{"type":"bool","description_kind":"plain","optional":true},"entry":{"type":["map","string"],"description_kind":"plain","optional":true},"id":{"type":"string","description_kind":"plain","optional":true,"computed":true},"name":{"type":"string","description_kind":"plain","required":true},"sensitive_entry":{"type":["map","string"],"description_kind":"plain","optional":true,"sensitive":true}},"description_kind":"plain"}},"apigee_organization_resource_file":{"version":0,"block":{"attributes":{"file":{"type":"string","description_kind":"plain","required":true},"file_hash":{"type":"string","description_kind":"plain","required":true},"id":{"type":"string","description_kind":"plain","optional":true,"computed":true},"name":{"type":"string","description_kind":"plain","required":true},"type":{"type":"string","description_kind":"plain","required":true}},"description_kind":"plain"}},"apigee_product":{"version":0,"block":{"attributes":{"api_resources":{"type":["set","string"],"description_kind":"plain","optional":true},"attributes":{"type":["map","string"],"description_kind":"plain","optional":true},"auto_approval_type":{"type":"bool","description_kind":"plain","required":true},"description":{"type":"string","description_kind":"plain","optional":true},"display_name":{"type":"string","description_kind":"plain","required":true},"environments":{"type":["set","string"],"description_kind":"plain","optional":true},"id":{"type":"string","description_kind":"plain","optional":true,"computed":true},"name":{"type":"string","description_kind":"plain","required":true},"proxies":{"type":["set","string"],"description_kind":"plain","optional":true},"quota":{"type":"number","description_kind":"plain","optional":true},"quota_interval":{"type":"number","description_kind":"plain","optional":true},"quota_time_unit":{"type":"string","description_kind":"plain","optional":true},"scopes":{"type":["set","string"],"description_kind":"plain","optional":true}},"block_types":{"operation":{"nesting_mode":"list","block":{"attributes":{"api_source":{"type":"string","description_kind":"plain","required":true},"attributes":{"type":["map","string"],"description_kind":"plain","optional":true},"methods":{"type":["set","string"],"description_kind":"plain","required":true},"path":{"type":"string","description_kind":"plain","required":true},"quota":{"type":"number","description_kind":"plain","optional":true},"quota_interval":{"type":"number","description_kind":"plain","optional":true},"quota_time_unit":{"type":"string","description_kind":"plain","optional":true}},"description_kind":"plain"}}},"description_kind":"plain"}},"apigee_proxy":{"version":0,"block":{"attributes":{"bundle":{"type":"string","description_kind":"plain","required":true},"bundle_hash":{"type":"string","description_kind":"plain","required":true},"id":{"type":"string","description_kind":"plain","optional":true,"computed":true},"name":{"type":"string","description_kind":"plain","required":true},"revision":{"type":"number","description_kind":"plain","computed":true}},"description_kind":"plain"}},"apigee_proxy_deployment":{"version":0,"block":{"attributes":{"delay":{"type":"number","description_kind":"plain","optional":true},"environment_name":{"type":"string","description_kind":"plain","required":true},"id":{"type":"string","description_kind":"plain","optional":true,"computed":true},"proxy_name":{"type":"string","description_kind":"plain","required":true},"revision":{"type":"number","description_kind":"plain","required":true},"service_account":{"type":"string","description_kind":"plain","optional":true}},"description_kind":"plain"}},"apigee_proxy_kvm":{"version":0,"block":{"attributes":{"encrypted":{"type":"bool","description_kind":"plain","optional":true},"entry":{"type":["map","string"],"description_kind":"plain","optional":true},"id":{"type":"string","description_kind":"plain","optional":true,"computed":true},"name":{"type":"string","description_kind":"plain","required":true},"proxy_name":{"type":"string","description_kind":"plain","required":true},"sensitive_entry":{"type":["map","string"],"description_kind":"plain","optional":true,"sensitive":true}},"description_kind":"plain"}},"apigee_proxy_policy":{"version":0,"block":{"attributes":{"file":{"type":"string","description_kind":"plain","required":true},"file_hash":{"type":"string","description_kind":"plain","required":true},"id":{"type":"string","description_kind":"plain","optional":true,"computed":true},"name":{"type":"string","description_kind":"plain","required":true},"proxy_name":{"type":"string","description_kind":"plain","required":true},"revision":{"type":"number","description_kind":"plain","required":true}},"description_kind":"plain"}},"apigee_proxy_resource_file":{"version":0,"block":{"attributes":{"file":{"type":"string","description_kind":"plain","required":true},"file_hash":{"type":"string","description_kind":"plain","required":true},"id":{"type":"string","description_kind":"plain","optional":true,"computed":true},"name":{"type":"string","description_kind":"plain","required":true},"proxy_name":{"type":"string","description_kind":"plain","required":true},"revision":{"type":"number","description_kind":"plain","required":true},"type":{"type":"string","description_kind":"plain","required":true}},"description_kind":"plain"}},"apigee_reference":{"version":0,"block":{"attributes":{"environment_name":{"type":"string","description_kind":"plain","required":true},"id":{"type":"string","description_kind":"plain","optional":true,"computed":true},"name":{"type":"string","description_kind":"plain","required":true},"refers":{"type":"string","description_kind":"plain","required":true},"resource_type":{"type":"string","description_kind":"plain","required":true}},"description_kind":"plain"}},"apigee_role":{"version":0,"block":{"attributes":{"id":{"type":"string","description_kind":"plain","optional":true,"computed":true},"name":{"type":"string","description_kind":"plain","required":true}},"description_kind":"plain"}},"apigee_role_permission":{"version":0,"block":{"attributes":{"id":{"type":"string","description_kind":"plain","optional":true,"computed":true},"path":{"type":"string","description_kind":"plain","required":true},"permissions":{"type":["set","string"],"description_kind":"plain","required":true},"role_name":{"type":"string","description_kind":"plain","required":true}},"description_kind":"plain"}},"apigee_shared_flow":{"version":0,"block":{"attributes":{"bundle":{"type":"string","description_kind":"plain","required":true},"bundle_hash":{"type":"string","description_kind":"plain","required":true},"id":{"type":"string","description_kind":"plain","optional":true,"computed":true},"name":{"type":"string","description_kind":"plain","required":true},"revision":{"type":"number","description_kind":"plain","computed":true}},"description_kind":"plain"}},"apigee_shared_flow_deployment":{"version":0,"block":{"attributes":{"delay":{"type":"number","description_kind":"plain","optional":true},"environment_name":{"type":"string","description_kind":"plain","required":true},"id":{"type":"string","description_kind":"plain","optional":true,"computed":true},"revision":{"type":"number","description_kind":"plain","required":true},"service_account":{"type":"string","description_kind":"plain","optional":true},"shared_flow_name":{"type":"string","description_kind":"plain","required":true}},"description_kind":"plain"}},"apigee_target_server":{"version":0,"block":{"attributes":{"environment_name":{"type":"string","description_kind":"plain","required":true},"host":{"type":"string","description_kind":"plain","required":true},"id":{"type":"string","description_kind":"plain","optional":true,"computed":true},"is_enabled":{"type":"bool","description_kind":"plain","optional":true},"name":{"type":"string","description_kind":"plain","required":true},"port":{"type":"number","description_kind":"plain","required":true},"protocols":{"type":["set","string"],"description_kind":"plain","optional":true},"ssl_client_auth_enabled":{"type":"bool","description_kind":"plain","optional":true},"ssl_enabled":{"type":"bool","description_kind":"plain","optional":true},"ssl_ignore_validation_errors":{"type":"bool","description_kind":"plain","optional":true},"ssl_keyalias":{"type":"string","description_kind":"plain","optional":true},"ssl_keystore":{"type":"string","description_kind":"plain","optional":true},"ssl_truststore":{"type":"string","description_kind":"plain","optional":true}},"description_kind":"plain"}},"apigee_user":{"version":0,"block":{"attributes":{"email_id":{"type":"string","description_kind":"plain","required":true},"first_name":{"type":"string","description_kind":"plain","required":true},"id":{"type":"string","description_kind":"plain","optional":true,"computed":true},"last_name":{"type":"string","description_kind":"plain","required":true},"password":{"type":"string","description_kind":"plain","required":true,"sensitive":true}},"description_kind":"plain"}},"apigee_user_role":{"version":0,"block":{"attributes":{"email_id":{"type":"string","description_kind":"plain","required":true},"id":{"type":"string","description_kind":"plain","optional":true,"computed":true},"role_name":{"type":"string","description_kind":"plain","required":true}},"description_kind":"plain"}},"apigee_virtual_host":{"version":0,"block":{"attributes":{"base_url":{"type":"string","description_kind":"plain","optional":true},"environment_name":{"type":"string","description_kind":"plain","required":true},"host_aliases":{"type":["set","string"],"description_kind":"plain","required":true},"id":{"type":"string","description_kind":"plain","optional":true,"computed":true},"name":{"type":"string","description_kind":"plain","required":true},"port":{"type":"number","description_kind":"plain","optional":true},"ssl_client_auth_enabled":{"type":"bool","description_kind":"plain","optional":true},"ssl_enabled":{"type":"bool","description_kind":"plain","optional":true},"ssl_ignore_validation_errors":{"type":"bool","description_kind":"plain","optional":true},"ssl_keyalias":{"type":"string","description_kind":"plain","optional":true},"ssl_keystore":{"type":"string","description_kind":"plain","optional":true},"ssl_truststore":{"type":"string","description_kind":"plain","optional":true}},"description_kind":"plain"}}},"data_source_schemas":{"apigee_user":{"version":0,"block":{"attributes":{"email_id":{"type":"string","description_kind":"plain","required":true},"first_name":{"type":"string","description_kind":"plain","computed":true},"id":{"type":"string","description_kind":"plain","optional":true,"computed":true},"last_name":{"type":"string","description_kind":"plain","computed":true}},"description_kind":"plain"}}}}}}
